DEPENDENCIES
  geminabox
    path: .
    metadata: true

GRAPH
  7-zip (1.0.2)
    windows (>= 1.2.2)
  apt (2.9.2)
  bluepill (2.4.3)
    rsyslog (>= 2.0)
  build-essential (2.4.0)
    7-zip (>= 0.0.0)
  chef_handler (1.4.0)
  compat_resource (12.10.3)
  control_groups (0.1.6)
  geminabox (0.2.0)
    build-essential (>= 0.0.0)
    nginx (= 2.7.6)
    rc_mon (>= 0.0.0)
    ssl_certificate (>= 0.0.0)
    unicorn (>= 0.0.0)
  nginx (2.7.6)
    apt (~> 2.2)
    bluepill (~> 2.3)
    build-essential (~> 2.0)
    ohai (~> 2.0)
    runit (~> 1.2)
    yum-epel (~> 0.3)
  ohai (2.1.0)
  packagecloud (0.2.0)
  rc_mon (0.2.0)
    control_groups (>= 0.0.0)
    runit (>= 0.0.0)
  rsyslog (4.0.0)
    compat_resource (>= 0.0.0)
  runit (1.7.8)
    packagecloud (>= 0.0.0)
  ssl_certificate (1.11.0)
  unicorn (2.1.2)
    build-essential (>= 0.0.0)
  windows (1.41.0)
    chef_handler (>= 0.0.0)
  yum (3.10.0)
  yum-epel (0.7.0)
    yum (>= 3.6.3)
